// !$*UTF8*$!
{
	archiveVersion = 1;
	classes = {
	};
	objectVersion = 46;
	objects = {

/* Begin PBXBuildFile section */
		E81F24A21C4DF11700B30380 /* main.m in Sources */ = {isa = PBXBuildFile; fileRef = E81F24A11C4DF11700B30380 /* main.m */; };
		E81F24A51C4DF11700B30380 /* AppDelegate.m in Sources */ = {isa = PBXBuildFile; fileRef = E81F24A41C4DF11700B30380 /* AppDelegate.m */; };
		E81F24A81C4DF11700B30380 /* ViewController.m in Sources */ = {isa = PBXBuildFile; fileRef = E81F24A71C4DF11700B30380 /* ViewController.m */; };
		E81F24AB1C4DF11700B30380 /* Main.storyboard in Resources */ = {isa = PBXBuildFile; fileRef = E81F24A91C4DF11700B30380 /* Main.storyboard */; };
		E81F24AD1C4DF11700B30380 /* Assets.xcassets in Resources */ = {isa = PBXBuildFile; fileRef = E81F24AC1C4DF11700B30380 /* Assets.xcassets */; };
		E81F24B01C4DF11700B30380 /* LaunchScreen.storyboard in Resources */ = {isa = PBXBuildFile; fileRef = E81F24AE1C4DF11700B30380 /* LaunchScreen.storyboard */; };
		E81F24BB1C4DF11700B30380 /* push_testTests.m in Sources */ = {isa = PBXBuildFile; fileRef = E81F24BA1C4DF11700B30380 /* push_testTests.m */; };
		E81F24C61C4DF11800B30380 /* push_testUITests.m in Sources */ = {isa = PBXBuildFile; fileRef = E81F24C51C4DF11800B30380 /* push_testUITests.m */; };
		E863D13A1C4F53490059B335 /* CFNetwork.framework in Frameworks */ = {isa = PBXBuildFile; fileRef = E863D1391C4F53490059B335 /* CFNetwork.framework */; };
		E863D13C1C4F53590059B335 /* SystemConfiguration.framework in Frameworks */ = {isa = PBXBuildFile; fileRef = E863D13B1C4F53590059B335 /* SystemConfiguration.framework */; };
		E863D13E1C4F53650059B335 /* MobileCoreServices.framework in Frameworks */ = {isa = PBXBuildFile; fileRef = E863D13D1C4F53650059B335 /* MobileCoreServices.framework */; };
		E863D1401C4F53780059B335 /* libz.1.2.5.tbd in Frameworks */ = {isa = PBXBuildFile; fileRef = E863D13F1C4F53780059B335 /* libz.1.2.5.tbd */; };
		E863D15B1C4F65670059B335 /* ASIAuthenticationDialog.m in Sources */ = {isa = PBXBuildFile; fileRef = E863D1481C4F65670059B335 /* ASIAuthenticationDialog.m */; settings = {COMPILER_FLAGS = "-fno-objc-arc"; }; };
		E863D15C1C4F65670059B335 /* ASIDataCompressor.m in Sources */ = {isa = PBXBuildFile; fileRef = E863D14B1C4F65670059B335 /* ASIDataCompressor.m */; settings = {COMPILER_FLAGS = "-fno-objc-arc"; }; };
		E863D15D1C4F65670059B335 /* ASIDataDecompressor.m in Sources */ = {isa = PBXBuildFile; fileRef = E863D14D1C4F65670059B335 /* ASIDataDecompressor.m */; settings = {COMPILER_FLAGS = "-fno-objc-arc"; }; };
		E863D15E1C4F65670059B335 /* ASIDownloadCache.m in Sources */ = {isa = PBXBuildFile; fileRef = E863D14F1C4F65670059B335 /* ASIDownloadCache.m */; settings = {COMPILER_FLAGS = "-fno-objc-arc"; }; };
		E863D15F1C4F65670059B335 /* ASIFormDataRequest.m in Sources */ = {isa = PBXBuildFile; fileRef = E863D1511C4F65670059B335 /* ASIFormDataRequest.m */; settings = {COMPILER_FLAGS = "-fno-objc-arc"; }; };
		E863D1601C4F65670059B335 /* ASIHTTPRequest.m in Sources */ = {isa = PBXBuildFile; fileRef = E863D1531C4F65670059B335 /* ASIHTTPRequest.m */; settings = {COMPILER_FLAGS = "-fno-objc-arc"; }; };
		E863D1611C4F65670059B335 /* ASIInputStream.m in Sources */ = {isa = PBXBuildFile; fileRef = E863D1571C4F65670059B335 /* ASIInputStream.m */; settings = {COMPILER_FLAGS = "-fno-objc-arc"; }; };
		E863D1621C4F65670059B335 /* ASINetworkQueue.m in Sources */ = {isa = PBXBuildFile; fileRef = E863D1591C4F65670059B335 /* ASINetworkQueue.m */; settings = {COMPILER_FLAGS = "-fno-objc-arc"; }; };
		E863D1651C4F65ED0059B335 /* Reachability.m in Sources */ = {isa = PBXBuildFile; fileRef = E863D1641C4F65ED0059B335 /* Reachability.m */; settings = {COMPILER_FLAGS = "-fno-objc-arc"; }; };
		E863D1671C507C570059B335 /* Bolts.framework in Frameworks */ = {isa = PBXBuildFile; fileRef = E863D1661C507C570059B335 /* Bolts.framework */; };
		E863D1691C507C6A0059B335 /* Parse.framework in Frameworks */ = {isa = PBXBuildFile; fileRef = E863D1681C507C6A0059B335 /* Parse.framework */; };
		E863D16B1C507CF00059B335 /* AudioToolbox.framework in Frameworks */ = {isa = PBXBuildFile; fileRef = E863D16A1C507CF00059B335 /* AudioToolbox.framework */; };
		E863D16D1C507D020059B335 /* CoreGraphics.framework in Frameworks */ = {isa = PBXBuildFile; fileRef = E863D16C1C507D020059B335 /* CoreGraphics.framework */; };
		E863D16F1C507D0D0059B335 /* CoreLocation.framework in Frameworks */ = {isa = PBXBuildFile; fileRef = E863D16E1C507D0D0059B335 /* CoreLocation.framework */; };
		E863D1711C507D170059B335 /* QuartzCore.framework in Frameworks */ = {isa = PBXBuildFile; fileRef = E863D1701C507D170059B335 /* QuartzCore.framework */; };
		E863D1731C507D1F0059B335 /* Security.framework in Frameworks */ = {isa = PBXBuildFile; fileRef = E863D1721C507D1F0059B335 /* Security.framework */; };
		E863D1751C507D270059B335 /* StoreKit.framework in Frameworks */ = {isa = PBXBuildFile; fileRef = E863D1741C507D270059B335 /* StoreKit.framework */; };
		E863D1771C507D410059B335 /* libz.tbd in Frameworks */ = {isa = PBXBuildFile; fileRef = E863D1761C507D410059B335 /* libz.tbd */; };
		E863D1791C507D4C0059B335 /* libsqlite3.tbd in Frameworks */ = {isa = PBXBuildFile; fileRef = E863D1781C507D4C0059B335 /* libsqlite3.tbd */; };
		E863D17B1C507D560059B335 /* Accounts.framework in Frameworks */ = {isa = PBXBuildFile; fileRef = E863D17A1C507D560059B335 /* Accounts.framework */; };
		E863D17D1C507D5D0059B335 /* Social.framework in Frameworks */ = {isa = PBXBuildFile; fileRef = E863D17C1C507D5C0059B335 /* Social.framework */; };
/* End PBXBuildFile section */

/* Begin PBXContainerItemProxy section */
		E81F24B71C4DF11700B30380 /* PBXContainerItemProxy */ = {
			isa = PBXContainerItemProxy;
			containerPortal = E81F24951C4DF11700B30380 /* Project object */;
			proxyType = 1;
			remoteGlobalIDString = E81F249C1C4DF11700B30380;
			remoteInfo = push_test;
		};
		E81F24C21C4DF11800B30380 /* PBXContainerItemProxy */ = {
			isa = PBXContainerItemProxy;
			containerPortal = E81F24951C4DF11700B30380 /* Project object */;
			proxyType = 1;
			remoteGlobalIDString = E81F249C1C4DF11700B30380;
			remoteInfo = push_test;
		};
/* End PBXContainerItemProxy section */

/* Begin PBXFileReference section */
		E81F249D1C4DF11700B30380 /* push_test.app */ = {isa = PBXFileReference; explicitFileType = wrapper.application; includeInIndex = 0; path = push_test.app; sourceTree = BUILT_PRODUCTS_DIR; };
		E81F24A11C4DF11700B30380 /* main.m */ = {isa = PBXFileReference; lastKnownFileType = sourcecode.c.objc; path = main.m; sourceTree = "<group>"; };
		E81F24A31C4DF11700B30380 /* AppDelegate.h */ = {isa = PBXFileReference; lastKnownFileType = sourcecode.c.h; path = AppDelegate.h; sourceTree = "<group>"; };
		E81F24A41C4DF11700B30380 /* AppDelegate.m */ = {isa = PBXFileReference; lastKnownFileType = sourcecode.c.objc; path = AppDelegate.m; sourceTree = "<group>"; };
		E81F24A61C4DF11700B30380 /* ViewController.h */ = {isa = PBXFileReference; lastKnownFileType = sourcecode.c.h; path = ViewController.h; sourceTree = "<group>"; };
		E81F24A71C4DF11700B30380 /* ViewController.m */ = {isa = PBXFileReference; lastKnownFileType = sourcecode.c.objc; path = ViewController.m; sourceTree = "<group>"; };
		E81F24AA1C4DF11700B30380 /* Base */ = {isa = PBXFileReference; lastKnownFileType = file.storyboard; name = Base; path = Base.lproj/Main.storyboard; sourceTree = "<group>"; };
		E81F24AC1C4DF11700B30380 /* Assets.xcassets */ = {isa = PBXFileReference; lastKnownFileType = folder.assetcatalog; path = Assets.xcassets; sourceTree = "<group>"; };
		E81F24AF1C4DF11700B30380 /* Base */ = {isa = PBXFileReference; lastKnownFileType = file.storyboard; name = Base; path = Base.lproj/LaunchScreen.storyboard; sourceTree = "<group>"; };
		E81F24B11C4DF11700B30380 /* Info.plist */ = {isa = PBXFileReference; lastKnownFileType = text.plist.xml; path = Info.plist; sourceTree = "<group>"; };
		E81F24B61C4DF11700B30380 /* push_testTests.xctest */ = {isa = PBXFileReference; explicitFileType = wrapper.cfbundle; includeInIndex = 0; path = push_testTests.xctest; sourceTree = BUILT_PRODUCTS_DIR; };
		E81F24BA1C4DF11700B30380 /* push_testTests.m */ = {isa = PBXFileReference; lastKnownFileType = sourcecode.c.objc; path = push_testTests.m; sourceTree = "<group>"; };
		E81F24BC1C4DF11800B30380 /* Info.plist */ = {isa = PBXFileReference; lastKnownFileType = text.plist.xml; path = Info.plist; sourceTree = "<group>"; };
		E81F24C11C4DF11800B30380 /* push_testUITests.xctest */ = {isa = PBXFileReference; explicitFileType = wrapper.cfbundle; includeInIndex = 0; path = push_testUITests.xctest; sourceTree = BUILT_PRODUCTS_DIR; };
		E81F24C51C4DF11800B30380 /* push_testUITests.m */ = {isa = PBXFileReference; lastKnownFileType = sourcecode.c.objc; path = push_testUITests.m; sourceTree = "<group>"; };
		E81F24C71C4DF11800B30380 /* Info.plist */ = {isa = PBXFileReference; lastKnownFileType = text.plist.xml; path = Info.plist; sourceTree = "<group>"; };
		E863D1391C4F53490059B335 /* CFNetwork.framework */ = {isa = PBXFileReference; lastKnownFileType = wrapper.framework; name = CFNetwork.framework; path = System/Library/Frameworks/CFNetwork.framework; sourceTree = SDKROOT; };
		E863D13B1C4F53590059B335 /* SystemConfiguration.framework */ = {isa = PBXFileReference; lastKnownFileType = wrapper.framework; name = SystemConfiguration.framework; path = System/Library/Frameworks/SystemConfiguration.framework; sourceTree = SDKROOT; };
		E863D13D1C4F53650059B335 /* MobileCoreServices.framework */ = {isa = PBXFileReference; lastKnownFileType = wrapper.framework; name = MobileCoreServices.framework; path = System/Library/Frameworks/MobileCoreServices.framework; sourceTree = SDKROOT; };
		E863D13F1C4F53780059B335 /* libz.1.2.5.tbd */ = {isa = PBXFileReference; lastKnownFileType = "sourcecode.text-based-dylib-definition"; name = libz.1.2.5.tbd; path = usr/lib/libz.1.2.5.tbd; sourceTree = SDKROOT; };
		E863D1471C4F65670059B335 /* ASIAuthenticationDialog.h */ = {isa = PBXFileReference; fileEncoding = 4; lastKnownFileType = sourcecode.c.h; name = ASIAuthenticationDialog.h; path = Classes/ASIAuthenticationDialog.h; sourceTree = "<group>"; };
		E863D1481C4F65670059B335 /* ASIAuthenticationDialog.m */ = {isa = PBXFileReference; fileEncoding = 4; lastKnownFileType = sourcecode.c.objc; name = ASIAuthenticationDialog.m; path = Classes/ASIAuthenticationDialog.m; sourceTree = "<group>"; };
		E863D1491C4F65670059B335 /* ASICacheDelegate.h */ = {isa = PBXFileReference; fileEncoding = 4; lastKnownFileType = sourcecode.c.h; name = ASICacheDelegate.h; path = Classes/ASICacheDelegate.h; sourceTree = "<group>"; };
		E863D14A1C4F65670059B335 /* ASIDataCompressor.h */ = {isa = PBXFileReference; fileEncoding = 4; lastKnownFileType = sourcecode.c.h; name = ASIDataCompressor.h; path = Classes/ASIDataCompressor.h; sourceTree = "<group>"; };
		E863D14B1C4F65670059B335 /* ASIDataCompressor.m */ = {isa = PBXFileReference; fileEncoding = 4; lastKnownFileType = sourcecode.c.objc; name = ASIDataCompressor.m; path = Classes/ASIDataCompressor.m; sourceTree = "<group>"; };
		E863D14C1C4F65670059B335 /* ASIDataDecompressor.h */ = {isa = PBXFileReference; fileEncoding = 4; lastKnownFileType = sourcecode.c.h; name = ASIDataDecompressor.h; path = Classes/ASIDataDecompressor.h; sourceTree = "<group>"; };
		E863D14D1C4F65670059B335 /* ASIDataDecompressor.m */ = {isa = PBXFileReference; fileEncoding = 4; lastKnownFileType = sourcecode.c.objc; name = ASIDataDecompressor.m; path = Classes/ASIDataDecompressor.m; sourceTree = "<group>"; };
		E863D14E1C4F65670059B335 /* ASIDownloadCache.h */ = {isa = PBXFileReference; fileEncoding = 4; lastKnownFileType = sourcecode.c.h; name = ASIDownloadCache.h; path = Classes/ASIDownloadCache.h; sourceTree = "<group>"; };
		E863D14F1C4F65670059B335 /* ASIDownloadCache.m */ = {isa = PBXFileReference; fileEncoding = 4; lastKnownFileType = sourcecode.c.objc; name = ASIDownloadCache.m; path = Classes/ASIDownloadCache.m; sourceTree = "<group>"; };
		E863D1501C4F65670059B335 /* ASIFormDataRequest.h */ = {isa = PBXFileReference; fileEncoding = 4; lastKnownFileType = sourcecode.c.h; name = ASIFormDataRequest.h; path = Classes/ASIFormDataRequest.h; sourceTree = "<group>"; };
		E863D1511C4F65670059B335 /* ASIFormDataRequest.m */ = {isa = PBXFileReference; fileEncoding = 4; lastKnownFileType = sourcecode.c.objc; name = ASIFormDataRequest.m; path = Classes/ASIFormDataRequest.m; sourceTree = "<group>"; };
		E863D1521C4F65670059B335 /* ASIHTTPRequest.h */ = {isa = PBXFileReference; fileEncoding = 4; lastKnownFileType = sourcecode.c.h; name = ASIHTTPRequest.h; path = Classes/ASIHTTPRequest.h; sourceTree = "<group>"; };
		E863D1531C4F65670059B335 /* ASIHTTPRequest.m */ = {isa = PBXFileReference; fileEncoding = 4; lastKnownFileType = sourcecode.c.objc; name = ASIHTTPRequest.m; path = Classes/ASIHTTPRequest.m; sourceTree = "<group>"; };
		E863D1541C4F65670059B335 /* ASIHTTPRequestConfig.h */ = {isa = PBXFileReference; fileEncoding = 4; lastKnownFileType = sourcecode.c.h; name = ASIHTTPRequestConfig.h; path = Classes/ASIHTTPRequestConfig.h; sourceTree = "<group>"; };
		E863D1551C4F65670059B335 /* ASIHTTPRequestDelegate.h */ = {isa = PBXFileReference; fileEncoding = 4; lastKnownFileType = sourcecode.c.h; name = ASIHTTPRequestDelegate.h; path = Classes/ASIHTTPRequestDelegate.h; sourceTree = "<group>"; };
		E863D1561C4F65670059B335 /* ASIInputStream.h */ = {isa = PBXFileReference; fileEncoding = 4; lastKnownFileType = sourcecode.c.h; name = ASIInputStream.h; path = Classes/ASIInputStream.h; sourceTree = "<group>"; };
		E863D1571C4F65670059B335 /* ASIInputStream.m */ = {isa = PBXFileReference; fileEncoding = 4; lastKnownFileType = sourcecode.c.objc; name = ASIInputStream.m; path = Classes/ASIInputStream.m; sourceTree = "<group>"; };
		E863D1581C4F65670059B335 /* ASINetworkQueue.h */ = {isa = PBXFileReference; fileEncoding = 4; lastKnownFileType = sourcecode.c.h; name = ASINetworkQueue.h; path = Classes/ASINetworkQueue.h; sourceTree = "<group>"; };
		E863D1591C4F65670059B335 /* ASINetworkQueue.m */ = {isa = PBXFileReference; fileEncoding = 4; lastKnownFileType = sourcecode.c.objc; name = ASINetworkQueue.m; path = Classes/ASINetworkQueue.m; sourceTree = "<group>"; };
		E863D15A1C4F65670059B335 /* ASIProgressDelegate.h */ = {isa = PBXFileReference; fileEncoding = 4; lastKnownFileType = sourcecode.c.h; name = ASIProgressDelegate.h; path = Classes/ASIProgressDelegate.h; sourceTree = "<group>"; };
		E863D1631C4F65ED0059B335 /* Reachability.h */ = {isa = PBXFileReference; fileEncoding = 4; lastKnownFileType = sourcecode.c.h; name = Reachability.h; path = External/Reachability/Reachability.h; sourceTree = "<group>"; };
		E863D1641C4F65ED0059B335 /* Reachability.m */ = {isa = PBXFileReference; fileEncoding = 4; lastKnownFileType = sourcecode.c.objc; name = Reachability.m; path = External/Reachability/Reachability.m; sourceTree = "<group>"; };
		E863D1661C507C570059B335 /* Bolts.framework */ = {isa = PBXFileReference; lastKnownFileType = wrapper.framework; path = Bolts.framework; sourceTree = "<group>"; };
		E863D1681C507C6A0059B335 /* Parse.framework */ = {isa = PBXFileReference; lastKnownFileType = wrapper.framework; path = Parse.framework; sourceTree = "<group>"; };
		E863D16A1C507CF00059B335 /* AudioToolbox.framework */ = {isa = PBXFileReference; lastKnownFileType = wrapper.framework; name = AudioToolbox.framework; path = System/Library/Frameworks/AudioToolbox.framework; sourceTree = SDKROOT; };
		E863D16C1C507D020059B335 /* CoreGraphics.framework */ = {isa = PBXFileReference; lastKnownFileType = wrapper.framework; name = CoreGraphics.framework; path = System/Library/Frameworks/CoreGraphics.framework; sourceTree = SDKROOT; };
		E863D16E1C507D0D0059B335 /* CoreLocation.framework */ = {isa = PBXFileReference; lastKnownFileType = wrapper.framework; name = CoreLocation.framework; path = System/Library/Frameworks/CoreLocation.framework; sourceTree = SDKROOT; };
		E863D1701C507D170059B335 /* QuartzCore.framework */ = {isa = PBXFileReference; lastKnownFileType = wrapper.framework; name = QuartzCore.framework; path = System/Library/Frameworks/QuartzCore.framework; sourceTree = SDKROOT; };
		E863D1721C507D1F0059B335 /* Security.framework */ = {isa = PBXFileReference; lastKnownFileType = wrapper.framework; name = Security.framework; path = System/Library/Frameworks/Security.framework; sourceTree = SDKROOT; };
		E863D1741C507D270059B335 /* StoreKit.framework */ = {isa = PBXFileReference; lastKnownFileType = wrapper.framework; name = StoreKit.framework; path = System/Library/Frameworks/StoreKit.framework; sourceTree = SDKROOT; };
		E863D1761C507D410059B335 /* libz.tbd */ = {isa = PBXFileReference; lastKnownFileType = "sourcecode.text-based-dylib-definition"; name = libz.tbd; path = usr/lib/libz.tbd; sourceTree = SDKROOT; };
		E863D1781C507D4C0059B335 /* libsqlite3.tbd */ = {isa = PBXFileReference; lastKnownFileType = "sourcecode.text-based-dylib-definition"; name = libsqlite3.tbd; path = usr/lib/libsqlite3.tbd; sourceTree = SDKROOT; };
		E863D17A1C507D560059B335 /* Accounts.framework */ = {isa = PBXFileReference; lastKnownFileType = wrapper.framework; name = Accounts.framework; path = System/Library/Frameworks/Accounts.framework; sourceTree = SDKROOT; };
		E863D17C1C507D5C0059B335 /* Social.framework */ = {isa = PBXFileReference; lastKnownFileType = wrapper.framework; name = Social.framework; path = System/Library/Frameworks/Social.framework; sourceTree = SDKROOT; };
/* End PBXFileReference section */

/* Begin PBXFrameworksBuildPhase section */
		E81F249A1C4DF11700B30380 /* Frameworks */ = {
			isa = PBXFrameworksBuildPhase;
			buildActionMask = 2147483647;
			files = (
				E863D17D1C507D5D0059B335 /* Social.framework in Frameworks */,
				E863D17B1C507D560059B335 /* Accounts.framework in Frameworks */,
				E863D1791C507D4C0059B335 /* libsqlite3.tbd in Frameworks */,
				E863D1771C507D410059B335 /* libz.tbd in Frameworks */,
				E863D13C1C4F53590059B335 /* SystemConfiguration.framework in Frameworks */,
				E863D1751C507D270059B335 /* StoreKit.framework in Frameworks */,
				E863D1731C507D1F0059B335 /* Security.framework in Frameworks */,
				E863D1711C507D170059B335 /* QuartzCore.framework in Frameworks */,
				E863D16F1C507D0D0059B335 /* CoreLocation.framework in Frameworks */,
				E863D16D1C507D020059B335 /* CoreGraphics.framework in Frameworks */,
				E863D13A1C4F53490059B335 /* CFNetwork.framework in Frameworks */,
				E863D16B1C507CF00059B335 /* AudioToolbox.framework in Frameworks */,
				E863D1671C507C570059B335 /* Bolts.framework in Frameworks */,
				E863D1401C4F53780059B335 /* libz.1.2.5.tbd in Frameworks */,
				E863D13E1C4F53650059B335 /* MobileCoreServices.framework in Frameworks */,
				E863D1691C507C6A0059B335 /* Parse.framework in Frameworks */,
			);
			runOnlyForDeploymentPostprocessing = 0;
		};
		E81F24B31C4DF11700B30380 /* Frameworks */ = {
			isa = PBXFrameworksBuildPhase;
			buildActionMask = 2147483647;
			files = (
			);
			runOnlyForDeploymentPostprocessing = 0;
		};
		E81F24BE1C4DF11800B30380 /* Frameworks */ = {
			isa = PBXFrameworksBuildPhase;
			buildActionMask = 2147483647;
			files = (
			);
			runOnlyForDeploymentPostprocessing = 0;
		};
/* End PBXFrameworksBuildPhase section */

/* Begin PBXGroup section */
		E81F24941C4DF11700B30380 = {
			isa = PBXGroup;
			children = (
				E81F249F1C4DF11700B30380 /* push_test */,
				E81F24B91C4DF11700B30380 /* push_testTests */,
				E81F24C41C4DF11800B30380 /* push_testUITests */,
				E81F249E1C4DF11700B30380 /* Products */,
			);
			sourceTree = "<group>";
		};
		E81F249E1C4DF11700B30380 /* Products */ = {
			isa = PBXGroup;
			children = (
				E81F249D1C4DF11700B30380 /* push_test.app */,
				E81F24B61C4DF11700B30380 /* push_testTests.xctest */,
				E81F24C11C4DF11800B30380 /* push_testUITests.xctest */,
			);
			name = Products;
			sourceTree = "<group>";
		};
		E81F249F1C4DF11700B30380 /* push_test */ = {
			isa = PBXGroup;
			children = (
				E863D1461C4F65430059B335 /* ASIHTTP */,
				E81F24A31C4DF11700B30380 /* AppDelegate.h */,
				E81F24A41C4DF11700B30380 /* AppDelegate.m */,
				E81F24A61C4DF11700B30380 /* ViewController.h */,
				E81F24A71C4DF11700B30380 /* ViewController.m */,
				E81F24A91C4DF11700B30380 /* Main.storyboard */,
				E81F24AC1C4DF11700B30380 /* Assets.xcassets */,
				E81F24AE1C4DF11700B30380 /* LaunchScreen.storyboard */,
				E81F24B11C4DF11700B30380 /* Info.plist */,
				E81F24A01C4DF11700B30380 /* Supporting Files */,
			);
			path = push_test;
			sourceTree = "<group>";
		};
		E81F24A01C4DF11700B30380 /* Supporting Files */ = {
			isa = PBXGroup;
			children = (
				E863D17C1C507D5C0059B335 /* Social.framework */,
				E863D17A1C507D560059B335 /* Accounts.framework */,
				E863D1781C507D4C0059B335 /* libsqlite3.tbd */,
				E863D1761C507D410059B335 /* libz.tbd */,
				E863D1741C507D270059B335 /* StoreKit.framework */,
				E863D1721C507D1F0059B335 /* Security.framework */,
				E863D1701C507D170059B335 /* QuartzCore.framework */,
				E863D16E1C507D0D0059B335 /* CoreLocation.framework */,
				E863D16C1C507D020059B335 /* CoreGraphics.framework */,
				E863D16A1C507CF00059B335 /* AudioToolbox.framework */,
				E863D1681C507C6A0059B335 /* Parse.framework */,
				E863D1661C507C570059B335 /* Bolts.framework */,
				E863D13F1C4F53780059B335 /* libz.1.2.5.tbd */,
				E863D13D1C4F53650059B335 /* MobileCoreServices.framework */,
				E863D13B1C4F53590059B335 /* SystemConfiguration.framework */,
				E863D1391C4F53490059B335 /* CFNetwork.framework */,
				E81F24A11C4DF11700B30380 /* main.m */,
			);
			name = "Supporting Files";
			sourceTree = "<group>";
		};
		E81F24B91C4DF11700B30380 /* push_testTests */ = {
			isa = PBXGroup;
			children = (
				E81F24BA1C4DF11700B30380 /* push_testTests.m */,
				E81F24BC1C4DF11800B30380 /* Info.plist */,
			);
			path = push_testTests;
			sourceTree = "<group>";
		};
		E81F24C41C4DF11800B30380 /* push_testUITests */ = {
			isa = PBXGroup;
			children = (
				E81F24C51C4DF11800B30380 /* push_testUITests.m */,
				E81F24C71C4DF11800B30380 /* Info.plist */,
			);
			path = push_testUITests;
			sourceTree = "<group>";
		};
		E863D1461C4F65430059B335 /* ASIHTTP */ = {
			isa = PBXGroup;
			children = (
				E863D1471C4F65670059B335 /* ASIAuthenticationDialog.h */,
				E863D1481C4F65670059B335 /* ASIAuthenticationDialog.m */,
				E863D1491C4F65670059B335 /* ASICacheDelegate.h */,
				E863D14A1C4F65670059B335 /* ASIDataCompressor.h */,
				E863D14B1C4F65670059B335 /* ASIDataCompressor.m */,
				E863D14C1C4F65670059B335 /* ASIDataDecompressor.h */,
				E863D14D1C4F65670059B335 /* ASIDataDecompressor.m */,
				E863D14E1C4F65670059B335 /* ASIDownloadCache.h */,
				E863D14F1C4F65670059B335 /* ASIDownloadCache.m */,
				E863D1501C4F65670059B335 /* ASIFormDataRequest.h */,
				E863D1511C4F65670059B335 /* ASIFormDataRequest.m */,
				E863D1521C4F65670059B335 /* ASIHTTPRequest.h */,
				E863D1531C4F65670059B335 /* ASIHTTPRequest.m */,
				E863D1541C4F65670059B335 /* ASIHTTPRequestConfig.h */,
				E863D1551C4F65670059B335 /* ASIHTTPRequestDelegate.h */,
				E863D1561C4F65670059B335 /* ASIInputStream.h */,
				E863D1571C4F65670059B335 /* ASIInputStream.m */,
				E863D1581C4F65670059B335 /* ASINetworkQueue.h */,
				E863D1591C4F65670059B335 /* ASINetworkQueue.m */,
				E863D15A1C4F65670059B335 /* ASIProgressDelegate.h */,
				E863D1631C4F65ED0059B335 /* Reachability.h */,
				E863D1641C4F65ED0059B335 /* Reachability.m */,
			);
			name = ASIHTTP;
			sourceTree = "<group>";
		};
/* End PBXGroup section */

/* Begin PBXNativeTarget section */
		E81F249C1C4DF11700B30380 /* push_test */ = {
			isa = PBXNativeTarget;
			buildConfigurationList = E81F24CA1C4DF11800B30380 /* Build configuration list for PBXNativeTarget "push_test" */;
			buildPhases = (
				E81F24991C4DF11700B30380 /* Sources */,
				E81F249B1C4DF11700B30380 /* Resources */,
				E81F249A1C4DF11700B30380 /* Frameworks */,
			);
			buildRules = (
			);
			dependencies = (
			);
			name = push_test;
			productName = push_test;
			productReference = E81F249D1C4DF11700B30380 /* push_test.app */;
			productType = "com.apple.product-type.application";
		};
		E81F24B51C4DF11700B30380 /* push_testTests */ = {
			isa = PBXNativeTarget;
			buildConfigurationList = E81F24CD1C4DF11800B30380 /* Build configuration list for PBXNativeTarget "push_testTests" */;
			buildPhases = (
				E81F24B21C4DF11700B30380 /* Sources */,
				E81F24B31C4DF11700B30380 /* Frameworks */,
				E81F24B41C4DF11700B30380 /* Resources */,
			);
			buildRules = (
			);
			dependencies = (
				E81F24B81C4DF11700B30380 /* PBXTargetDependency */,
			);
			name = push_testTests;
			productName = push_testTests;
			productReference = E81F24B61C4DF11700B30380 /* push_testTests.xctest */;
			productType = "com.apple.product-type.bundle.unit-test";
		};
		E81F24C01C4DF11800B30380 /* push_testUITests */ = {
			isa = PBXNativeTarget;
			buildConfigurationList = E81F24D01C4DF11800B30380 /* Build configuration list for PBXNativeTarget "push_testUITests" */;
			buildPhases = (
				E81F24BD1C4DF11800B30380 /* Sources */,
				E81F24BE1C4DF11800B30380 /* Frameworks */,
				E81F24BF1C4DF11800B30380 /* Resources */,
			);
			buildRules = (
			);
			dependencies = (
				E81F24C31C4DF11800B30380 /* PBXTargetDependency */,
			);
			name = push_testUITests;
			productName = push_testUITests;
			productReference = E81F24C11C4DF11800B30380 /* push_testUITests.xctest */;
			productType = "com.apple.product-type.bundle.ui-testing";
		};
/* End PBXNativeTarget section */

/* Begin PBXProject section */
		E81F24951C4DF11700B30380 /* Project object */ = {
			isa = PBXProject;
			attributes = {
				LastUpgradeCheck = 0720;
				ORGANIZATIONNAME = saken_usis_intern;
				TargetAttributes = {
					E81F249C1C4DF11700B30380 = {
						CreatedOnToolsVersion = 7.2;
						SystemCapabilities = {
							com.apple.Push = {
								enabled = 1;
							};
						};
					};
					E81F24B51C4DF11700B30380 = {
						CreatedOnToolsVersion = 7.2;
						TestTargetID = E81F249C1C4DF11700B30380;
					};
					E81F24C01C4DF11800B30380 = {
						CreatedOnToolsVersion = 7.2;
						TestTargetID = E81F249C1C4DF11700B30380;
					};
				};
			};
			buildConfigurationList = E81F24981C4DF11700B30380 /* Build configuration list for PBXProject "push_test" */;
			compatibilityVersion = "Xcode 3.2";
			developmentRegion = English;
			hasScannedForEncodings = 0;
			knownRegions = (
				en,
				Base,
			);
			mainGroup = E81F24941C4DF11700B30380;
			productRefGroup = E81F249E1C4DF11700B30380 /* Products */;
			projectDirPath = "";
			projectRoot = "";
			targets = (
				E81F249C1C4DF11700B30380 /* push_test */,
				E81F24B51C4DF11700B30380 /* push_testTests */,
				E81F24C01C4DF11800B30380 /* push_testUITests */,
			);
		};
/* End PBXProject section */

/* Begin PBXResourcesBuildPhase section */
		E81F249B1C4DF11700B30380 /* Resources */ = {
			isa = PBXResourcesBuildPhase;
			buildActionMask = 2147483647;
			files = (
				E81F24B01C4DF11700B30380 /* LaunchScreen.storyboard in Resources */,
				E81F24AD1C4DF11700B30380 /* Assets.xcassets in Resources */,
				E81F24AB1C4DF11700B30380 /* Main.storyboard in Resources */,
			);
			runOnlyForDeploymentPostprocessing = 0;
		};
		E81F24B41C4DF11700B30380 /* Resources */ = {
			isa = PBXResourcesBuildPhase;
			buildActionMask = 2147483647;
			files = (
			);
			runOnlyForDeploymentPostprocessing = 0;
		};
		E81F24BF1C4DF11800B30380 /* Resources */ = {
			isa = PBXResourcesBuildPhase;
			buildActionMask = 2147483647;
			files = (
			);
			runOnlyForDeploymentPostprocessing = 0;
		};
/* End PBXResourcesBuildPhase section */

/* Begin PBXSourcesBuildPhase section */
		E81F24991C4DF11700B30380 /* Sources */ = {
			isa = PBXSourcesBuildPhase;
			buildActionMask = 2147483647;
			files = (
				E863D15C1C4F65670059B335 /* ASIDataCompressor.m in Sources */,
				E81F24A81C4DF11700B30380 /* ViewController.m in Sources */,
				E863D15B1C4F65670059B335 /* ASIAuthenticationDialog.m in Sources */,
				E863D15F1C4F65670059B335 /* ASIFormDataRequest.m in Sources */,
				E863D15D1C4F65670059B335 /* ASIDataDecompressor.m in Sources */,
				E81F24A51C4DF11700B30380 /* AppDelegate.m in Sources */,
				E863D1611C4F65670059B335 /* ASIInputStream.m in Sources */,
				E863D1621C4F65670059B335 /* ASINetworkQueue.m in Sources */,
				E863D1601C4F65670059B335 /* ASIHTTPRequest.m in Sources */,
				E863D15E1C4F65670059B335 /* ASIDownloadCache.m in Sources */,
				E863D1651C4F65ED0059B335 /* Reachability.m in Sources */,
				E81F24A21C4DF11700B30380 /* main.m in Sources */,
			);
			runOnlyForDeploymentPostprocessing = 0;
		};
		E81F24B21C4DF11700B30380 /* Sources */ = {
			isa = PBXSourcesBuildPhase;
			buildActionMask = 2147483647;
			files = (
				E81F24BB1C4DF11700B30380 /* push_testTests.m in Sources */,
			);
			runOnlyForDeploymentPostprocessing = 0;
		};
		E81F24BD1C4DF11800B30380 /* Sources */ = {
			isa = PBXSourcesBuildPhase;
			buildActionMask = 2147483647;
			files = (
				E81F24C61C4DF11800B30380 /* push_testUITests.m in Sources */,
			);
			runOnlyForDeploymentPostprocessing = 0;
		};
/* End PBXSourcesBuildPhase section */

/* Begin PBXTargetDependency section */
		E81F24B81C4DF11700B30380 /* PBXTargetDependency */ = {
			isa = PBXTargetDependency;
			target = E81F249C1C4DF11700B30380 /* push_test */;
			targetProxy = E81F24B71C4DF11700B30380 /* PBXContainerItemProxy */;
		};
		E81F24C31C4DF11800B30380 /* PBXTargetDependency */ = {
			isa = PBXTargetDependency;
			target = E81F249C1C4DF11700B30380 /* push_test */;
			targetProxy = E81F24C21C4DF11800B30380 /* PBXContainerItemProxy */;
		};
/* End PBXTargetDependency section */

/* Begin PBXVariantGroup section */
		E81F24A91C4DF11700B30380 /* Main.storyboard */ = {
			isa = PBXVariantGroup;
			children = (
				E81F24AA1C4DF11700B30380 /* Base */,
			);
			name = Main.storyboard;
			sourceTree = "<group>";
		};
		E81F24AE1C4DF11700B30380 /* LaunchScreen.storyboard */ = {
			isa = PBXVariantGroup;
			children = (
				E81F24AF1C4DF11700B30380 /* Base */,
			);
			name = LaunchScreen.storyboard;
			sourceTree = "<group>";
		};
/* End PBXVariantGroup section */

/* Begin XCBuildConfiguration section */
		E81F24C81C4DF11800B30380 /* Debug */ = {
			isa = XCBuildConfiguration;
			buildSettings = {
				ALWAYS_SEARCH_USER_PATHS = NO;
				CLANG_CXX_LANGUAGE_STANDARD = "gnu++0x";
				CLANG_CXX_LIBRARY = "libc++";
				CLANG_ENABLE_MODULES = YES;
				CLANG_ENABLE_OBJC_ARC = YES;
				CLANG_WARN_BOOL_CONVERSION = YES;
				CLANG_WARN_CONSTANT_CONVERSION = YES;
				CLANG_WARN_DIRECT_OBJC_ISA_USAGE = YES_ERROR;
				CLANG_WARN_EMPTY_BODY = YES;
				CLANG_WARN_ENUM_CONVERSION = YES;
				CLANG_WARN_INT_CONVERSION = YES;
				CLANG_WARN_OBJC_ROOT_CLASS = YES_ERROR;
				CLANG_WARN_UNREACHABLE_CODE = YES;
				CLANG_WARN__DUPLICATE_METHOD_MATCH = YES;
				"CODE_SIGN_IDENTITY[sdk=iphoneos*]" = "iPhone Developer";
				COPY_PHASE_STRIP = NO;
				DEBUG_INFORMATION_FORMAT = dwarf;
				ENABLE_STRICT_OBJC_MSGSEND = YES;
				ENABLE_TESTABILITY = YES;
				GCC_C_LANGUAGE_STANDARD = gnu99;
				GCC_DYNAMIC_NO_PIC = NO;
				GCC_NO_COMMON_BLOCKS = YES;
				GCC_OPTIMIZATION_LEVEL = 0;
				GCC_PREPROCESSOR_DEFINITIONS = (
					"DEBUG=1",
					"$(inherited)",
				);
				GCC_WARN_64_TO_32_BIT_CONVERSION = YES;
				GCC_WARN_ABOUT_RETURN_TYPE = YES_ERROR;
				GCC_WARN_UNDECLARED_SELECTOR = YES;
				GCC_WARN_UNINITIALIZED_AUTOS = YES_AGGRESSIVE;
				GCC_WARN_UNUSED_FUNCTION = YES;
				GCC_WARN_UNUSED_VARIABLE = YES;
				IPHONEOS_DEPLOYMENT_TARGET = 9.2;
				MTL_ENABLE_DEBUG_INFO = YES;
				ONLY_ACTIVE_ARCH = YES;
				SDKROOT = iphoneos;
				TARGETED_DEVICE_FAMILY = "1,2";
			};
			name = Debug;
		};
		E81F24C91C4DF11800B30380 /* Release */ = {
			isa = XCBuildConfiguration;
			buildSettings = {
				ALWAYS_SEARCH_USER_PATHS = NO;
				CLANG_CXX_LANGUAGE_STANDARD = "gnu++0x";
				CLANG_CXX_LIBRARY = "libc++";
				CLANG_ENABLE_MODULES = YES;
				CLANG_ENABLE_OBJC_ARC = YES;
				CLANG_WARN_BOOL_CONVERSION = YES;
				CLANG_WARN_CONSTANT_CONVERSION = YES;
				CLANG_WARN_DIRECT_OBJC_ISA_USAGE = YES_ERROR;
				CLANG_WARN_EMPTY_BODY = YES;
				CLANG_WARN_ENUM_CONVERSION = YES;
				CLANG_WARN_INT_CONVERSION = YES;
				CLANG_WARN_OBJC_ROOT_CLASS = YES_ERROR;
				CLANG_WARN_UNREACHABLE_CODE = YES;
				CLANG_WARN__DUPLICATE_METHOD_MATCH = YES;
				"CODE_SIGN_IDENTITY[sdk=iphoneos*]" = "iPhone Developer";
				COPY_PHASE_STRIP = NO;
				DEBUG_INFORMATION_FORMAT = "dwarf-with-dsym";
				ENABLE_NS_ASSERTIONS = NO;
				ENABLE_STRICT_OBJC_MSGSEND = YES;
				GCC_C_LANGUAGE_STANDARD = gnu99;
				GCC_NO_COMMON_BLOCKS = YES;
				GCC_WARN_64_TO_32_BIT_CONVERSION = YES;
				GCC_WARN_ABOUT_RETURN_TYPE = YES_ERROR;
				GCC_WARN_UNDECLARED_SELECTOR = YES;
				GCC_WARN_UNINITIALIZED_AUTOS = YES_AGGRESSIVE;
				GCC_WARN_UNUSED_FUNCTION = YES;
				GCC_WARN_UNUSED_VARIABLE = YES;
				IPHONEOS_DEPLOYMENT_TARGET = 9.2;
				MTL_ENABLE_DEBUG_INFO = NO;
				SDKROOT = iphoneos;
				TARGETED_DEVICE_FAMILY = "1,2";
				VALIDATE_PRODUCT = YES;
			};
			name = Release;
		};
		E81F24CB1C4DF11800B30380 /* Debug */ = {
			isa = XCBuildConfiguration;
			buildSettings = {
				ASSETCATALOG_COMPILER_APPICON_NAME = AppIcon;
				CODE_SIGN_IDENTITY = "iPhone Developer";
				"CODE_SIGN_IDENTITY[sdk=iphoneos*]" = "";
				FRAMEWORK_SEARCH_PATHS = (
					"$(inherited)",
					"$(PROJECT_DIR)/push_test",
				);
				INFOPLIST_FILE = push_test/Info.plist;
				LD_RUNPATH_SEARCH_PATHS = "$(inherited) @executable_path/Frameworks";
				PRODUCT_BUNDLE_IDENTIFIER = "ml.saken.push-test";
				PRODUCT_NAME = "$(TARGET_NAME)";
				PROVISIONING_PROFILE = "";
				TARGETED_DEVICE_FAMILY = 1;
			};
			name = Debug;
		};
		E81F24CC1C4DF11800B30380 /* Release */ = {
			isa = XCBuildConfiguration;
			buildSettings = {
				ASSETCATALOG_COMPILER_APPICON_NAME = AppIcon;
				CODE_SIGN_IDENTITY = "iPhone Developer";
				"CODE_SIGN_IDENTITY[sdk=iphoneos*]" = "";
				FRAMEWORK_SEARCH_PATHS = (
					"$(inherited)",
					"$(PROJECT_DIR)/push_test",
				);
				INFOPLIST_FILE = push_test/Info.plist;
				LD_RUNPATH_SEARCH_PATHS = "$(inherited) @executable_path/Frameworks";
				PRODUCT_BUNDLE_IDENTIFIER = "ml.saken.push-test";
				PRODUCT_NAME = "$(TARGET_NAME)";
				PROVISIONING_PROFILE = "";
				TARGETED_DEVICE_FAMILY = 1;
			};
			name = Release;
		};
		E81F24CE1C4DF11800B30380 /* Debug */ = {
			isa = XCBuildConfiguration;
			buildSettings = {
				BUNDLE_LOADER = "$(TEST_HOST)";
				INFOPLIST_FILE = push_testTests/Info.plist;
				LD_RUNPATH_SEARCH_PATHS = "$(inherited) @executable_path/Frameworks @loader_path/Frameworks";
				PRODUCT_BUNDLE_IDENTIFIER = "saken.push-testTests";
				PRODUCT_NAME = "$(TARGET_NAME)";
				TEST_HOST = "$(BUILT_PRODUCTS_DIR)/push_test.app/push_test";
			};
			name = Debug;
		};
		E81F24CF1C4DF11800B30380 /* Release */ = {
			isa = XCBuildConfiguration;
			buildSettings = {
				BUNDLE_LOADER = "$(TEST_HOST)";
				INFOPLIST_FILE = push_testTests/Info.plist;
				LD_RUNPATH_SEARCH_PATHS = "$(inherited) @executable_path/Frameworks @loader_path/Frameworks";
				PRODUCT_BUNDLE_IDENTIFIER = "saken.push-testTests";
				PRODUCT_NAME = "$(TARGET_NAME)";
				TEST_HOST = "$(BUILT_PRODUCTS_DIR)/push_test.app/push_test";
			};
			name = Release;
		};
		E81F24D11C4DF11800B30380 /* Debug */ = {
			isa = XCBuildConfiguration;
			buildSettings = {
				INFOPLIST_FILE = push_testUITests/Info.plist;
				LD_RUNPATH_SEARCH_PATHS = "$(inherited) @executable_path/Frameworks @loader_path/Frameworks";
				PRODUCT_BUNDLE_IDENTIFIER = "saken.push-testUITests";
				PRODUCT_NAME = "$(TARGET_NAME)";
				TEST_TARGET_NAME = push_test;
				USES_XCTRUNNER = YES;
			};
			name = Debug;
		};
		E81F24D21C4DF11800B30380 /* Release */ = {
			isa = XCBuildConfiguration;
			buildSettings = {
				INFOPLIST_FILE = push_testUITests/Info.plist;
				LD_RUNPATH_SEARCH_PATHS = "$(inherited) @executable_path/Frameworks @loader_path/Frameworks";
				PRODUCT_BUNDLE_IDENTIFIER = "saken.push-testUITests";
				PRODUCT_NAME = "$(TARGET_NAME)";
				TEST_TARGET_NAME = push_test;
				USES_XCTRUNNER = YES;
			};
			name = Release;
		};
/* End XCBuildConfiguration section */

/* Begin XCConfigurationList section */
		E81F24981C4DF11700B30380 /* Build configuration list for PBXProject "push_test" */ = {
			isa = XCConfigurationList;
			buildConfigurations = (
				E81F24C81C4DF11800B30380 /* Debug */,
				E81F24C91C4DF11800B30380 /* Release */,
			);
			defaultConfigurationIsVisible = 0;
			defaultConfigurationName = Release;
		};
		E81F24CA1C4DF11800B30380 /* Build configuration list for PBXNativeTarget "push_test" */ = {
			isa = XCConfigurationList;
			buildConfigurations = (
				E81F24CB1C4DF11800B30380 /* Debug */,
				E81F24CC1C4DF11800B30380 /* Release */,
			);
			defaultConfigurationIsVisible = 0;
			defaultConfigurationName = Release;
		};
		E81F24CD1C4DF11800B30380 /* Build configuration list for PBXNativeTarget "push_testTests" */ = {
			isa = XCConfigurationList;
			buildConfigurations = (
				E81F24CE1C4DF11800B30380 /* Debug */,
				E81F24CF1C4DF11800B30380 /* Release */,
			);
			defaultConfigurationIsVisible = 0;
			defaultConfigurationName = Release;
		};
		E81F24D01C4DF11800B30380 /* Build configuration list for PBXNativeTarget "push_testUITests" */ = {
			isa = XCConfigurationList;
			buildConfigurations = (
				E81F24D11C4DF11800B30380 /* Debug */,
				E81F24D21C4DF11800B30380 /* Release */,
			);
			defaultConfigurationIsVisible = 0;
			defaultConfigurationName = Release;
		};
/* End XCConfigurationList section */
	};
	rootObject = E81F24951C4DF11700B30380 /* Project object */;
}
